<?xml version="1.0" encoding="utf-8"?>
<Project ToolsVersion="17.0" xmlns="http://schemas.microsoft.com/developer/msbuild/2003">
  <ItemGroup>
    <ClCompile Include="C:\Users\Guillermo\CLionProjects\OOP_GuillermoBenitez\src\main.cpp">
      <Filter>Source Files</Filter>
    </ClCompile>
    <ClCompile Include="C:\Users\Guillermo\CLionProjects\OOP_GuillermoBenitez\src\Person.cpp">
      <Filter>Source Files</Filter>
    </ClCompile>
    <ClCompile Include="C:\Users\Guillermo\CLionProjects\OOP_GuillermoBenitez\src\Book.cpp">
      <Filter>Source Files</Filter>
    </ClCompile>
    <ClCompile Include="C:\Users\Guillermo\CLionProjects\OOP_GuillermoBenitez\src\Loan.cpp">
      <Filter>Source Files</Filter>
    </ClCompile>
    <ClCompile Include="C:\Users\Guillermo\CLionProjects\OOP_GuillermoBenitez\src\Member.cpp">
      <Filter>Source Files</Filter>
    </ClCompile>
    <ClCompile Include="C:\Users\Guillermo\CLionProjects\OOP_GuillermoBenitez\src\Library.cpp">
      <Filter>Source Files</Filter>
    </ClCompile>
    <ClCompile Include="C:\Users\Guillermo\CLionProjects\OOP_GuillermoBenitez\src\Storage.cpp">
      <Filter>Source Files</Filter>
    </ClCompile>
    <ClCompile Include="C:\Users\Guillermo\CLionProjects\OOP_GuillermoBenitez\src\Menu.cpp">
      <Filter>Source Files</Filter>
    </ClCompile>
  </ItemGroup>
  <ItemGroup>
    <CustomBuild Include="C:\Users\Guillermo\CLionProjects\OOP_GuillermoBenitez\CMakeLists.txt" />
  </ItemGroup>
  <ItemGroup>
    <Filter Include="Source Files">
      <UniqueIdentifier>{B304B0A6-084A-306B-87A0-7F39A2BAC671}</UniqueIdentifier>
    </Filter>
  </ItemGroup>
</Project>
